
Microsoft Visual Studio Solution File, Format Version 12.00
# Visual Studio Version 17
VisualStudioVersion = 17.6.33723.286
MinimumVisualStudioVersion = 10.0.40219.1
Project("{9A19103F-16F7-4668-BE54-9A1E7A4F7556}") = "halloDoc.MVC", "halloDoc.MVC\halloDoc.MVC.csproj", "{28765F68-9508-4FD0-9AC9-B81022CA1DA9}"
	ProjectSection(ProjectDependencies) = postProject
		{7B5DA987-11D2-43BD-B3F4-EB12FCF4DF71} = {7B5DA987-11D2-43BD-B3F4-EB12FCF4DF71}
	EndProjectSection
EndProject
Project("{9A19103F-16F7-4668-BE54-9A1E7A4F7556}") = "DataAccess", "DataAccess\DataAccess.csproj", "{2DD3033B-C387-43BC-AE03-198BD7D227CD}"
EndProject
Project("{9A19103F-16F7-4668-BE54-9A1E7A4F7556}") = "Services", "Services\Services.csproj", "{7B5DA987-11D2-43BD-B3F4-EB12FCF4DF71}"
	ProjectSection(ProjectDependencies) = postProject
		{2DD3033B-C387-43BC-AE03-198BD7D227CD} = {2DD3033B-C387-43BC-AE03-198BD7D227CD}
	EndProjectSection
EndProject
Project("{9A19103F-16F7-4668-BE54-9A1E7A4F7556}") = "Utility", "Utility\Utility.csproj", "{7D8D6E55-05D9-4A2A-A38B-FCF9FA8D9D6E}"
EndProject
Global
	GlobalSection(SolutionConfigurationPlatforms) = preSolution
		Debug|Any CPU = Debug|Any CPU
		Release|Any CPU = Release|Any CPU
	EndGlobalSection
	GlobalSection(ProjectConfigurationPlatforms) = postSolution
		{28765F68-9508-4FD0-9AC9-B81022CA1DA9}.Debug|Any CPU.ActiveCfg = Debug|Any CPU
		{28765F68-9508-4FD0-9AC9-B81022CA1DA9}.Debug|Any CPU.Build.0 = Debug|Any CPU
		{28765F68-9508-4FD0-9AC9-B81022CA1DA9}.Release|Any CPU.ActiveCfg = Release|Any CPU
		{28765F68-9508-4FD0-9AC9-B81022CA1DA9}.Release|Any CPU.Build.0 = Release|Any CPU
		{2DD3033B-C387-43BC-AE03-198BD7D227CD}.Debug|Any CPU.ActiveCfg = Debug|Any CPU
		{2DD3033B-C387-43BC-AE03-198BD7D227CD}.Debug|Any CPU.Build.0 = Debug|Any CPU
		{2DD3033B-C387-43BC-AE03-198BD7D227CD}.Release|Any CPU.ActiveCfg = Release|Any CPU
		{2DD3033B-C387-43BC-AE03-198BD7D227CD}.Release|Any CPU.Build.0 = Release|Any CPU
		{7B5DA987-11D2-43BD-B3F4-EB12FCF4DF71}.Debug|Any CPU.ActiveCfg = Debug|Any CPU
		{7B5DA987-11D2-43BD-B3F4-EB12FCF4DF71}.Debug|Any CPU.Build.0 = Debug|Any CPU
		{7B5DA987-11D2-43BD-B3F4-EB12FCF4DF71}.Release|Any CPU.ActiveCfg = Release|Any CPU
		{7B5DA987-11D2-43BD-B3F4-EB12FCF4DF71}.Release|Any CPU.Build.0 = Release|Any CPU
		{7D8D6E55-05D9-4A2A-A38B-FCF9FA8D9D6E}.Debug|Any CPU.ActiveCfg = Debug|Any CPU
		{7D8D6E55-05D9-4A2A-A38B-FCF9FA8D9D6E}.Debug|Any CPU.Build.0 = Debug|Any CPU
		{7D8D6E55-05D9-4A2A-A38B-FCF9FA8D9D6E}.Release|Any CPU.ActiveCfg = Release|Any CPU
		{7D8D6E55-05D9-4A2A-A38B-FCF9FA8D9D6E}.Release|Any CPU.Build.0 = Release|Any CPU
	EndGlobalSection
	GlobalSection(SolutionProperties) = preSolution
		HideSolutionNode = FALSE
	EndGlobalSection
	GlobalSection(ExtensibilityGlobals) = postSolution
		SolutionGuid = {3EA08541-F71C-4ADB-8561-0EDDDDED7F42}
	EndGlobalSection
EndGlobal
